
Microsoft Visual Studio Solution File, Format Version 12.00
# Visual Studio Version 17
VisualStudioVersion = 17.3.32929.385
MinimumVisualStudioVersion = 10.0.40219.1
Project("{FAE04EC0-301F-11D3-BF4B-00C04F79EFBC}") = "WpfAppCLient", "WpfAppCLient\WpfAppCLient.csproj", "{7DCC0015-615D-4D10-A22F-452FB9B48736}"
EndProject
Global
	GlobalSection(SolutionConfigurationPlatforms) = preSolution
		Debug|Any CPU = Debug|Any CPU
		Release|Any CPU = Release|Any CPU
	EndGlobalSection
	GlobalSection(ProjectConfigurationPlatforms) = postSolution
		{7DCC0015-615D-4D10-A22F-452FB9B48736}.Debug|Any CPU.ActiveCfg = Debug|Any CPU
		{7DCC0015-615D-4D10-A22F-452FB9B48736}.Debug|Any CPU.Build.0 = Debug|Any CPU
		{7DCC0015-615D-4D10-A22F-452FB9B48736}.Release|Any CPU.ActiveCfg = Release|Any CPU
		{7DCC0015-615D-4D10-A22F-452FB9B48736}.Release|Any CPU.Build.0 = Release|Any CPU
	EndGlobalSection
	GlobalSection(SolutionProperties) = preSolution
		HideSolutionNode = FALSE
	EndGlobalSection
	GlobalSection(ExtensibilityGlobals) = postSolution
		SolutionGuid = {361E8EF8-D9FE-4F3E-A47C-AFBBC6F03002}
	EndGlobalSection
EndGlobal
