
Microsoft Visual Studio Solution File, Format Version 12.00
# Visual Studio Version 17
VisualStudioVersion = 17.1.32407.343
MinimumVisualStudioVersion = 10.0.40219.1
Project("{9A19103F-16F7-4668-BE54-9A1E7A4F7556}") = "Task3", "..\Task3\Task3.csproj", "{93A56FCB-A537-4D07-9E82-F5D8CE62E949}"
EndProject
Global
	GlobalSection(SolutionConfigurationPlatforms) = preSolution
		Debug|Any CPU = Debug|Any CPU
		Release|Any CPU = Release|Any CPU
	EndGlobalSection
	GlobalSection(ProjectConfigurationPlatforms) = postSolution
		{93A56FCB-A537-4D07-9E82-F5D8CE62E949}.Debug|Any CPU.ActiveCfg = Debug|Any CPU
		{93A56FCB-A537-4D07-9E82-F5D8CE62E949}.Debug|Any CPU.Build.0 = Debug|Any CPU
		{93A56FCB-A537-4D07-9E82-F5D8CE62E949}.Release|Any CPU.ActiveCfg = Release|Any CPU
		{93A56FCB-A537-4D07-9E82-F5D8CE62E949}.Release|Any CPU.Build.0 = Release|Any CPU
	EndGlobalSection
	GlobalSection(SolutionProperties) = preSolution
		HideSolutionNode = FALSE
	EndGlobalSection
	GlobalSection(ExtensibilityGlobals) = postSolution
		SolutionGuid = {6164D4B6-7F96-4132-9035-E6814B19C545}
	EndGlobalSection
EndGlobal
